{
  "name": "projj",
  "version": "1.0.0",
  "lockfileVersion": 3,
  "requires": true,
  "packages": {
    "": {
      "name": "projj",
      "version": "1.0.0",
      "license": "ISC",
      "dependencies": {
        "dotenv": "^17.2.3",
        "youtube-transcript-plus": "^1.1.1"
      }
    },
    "node_modules/dotenv": {
      "version": "17.2.3",
      "resolved": "https://registry.npmjs.org/dotenv/-/dotenv-17.2.3.tgz",
      "integrity": "sha512-JVUnt+DUIzu87TABbhPmNfVdBDt18BLOWjMUFJMSi/Qqg7NTYtabbvSNJGOJ7afbRuv9D/lngizHtP7QyLQ+9w==",
      "license": "BSD-2-Clause",
      "engines": {
        "node": ">=12"
      },
      "funding": {
        "url": "https://dotenvx.com"
      }
    },
    "node_modules/youtube-transcript-plus": {
      "version": "1.1.1",
      "resolved": "https://registry.npmjs.org/youtube-transcript-plus/-/youtube-transcript-plus-1.1.1.tgz",
      "integrity": "sha512-KmAcn7eBPMgSnPJosCaaRp6/eqOAXk9p5f5ExBf+aD0M74Hud5RzbwHVoFpR5wOS++QqrrFaFhq9eiaWqWDlXg==",
      "license": "MIT",
      "engines": {
        "node": ">=18.0.0"
      }
    }
  }
}
